
Microsoft Visual Studio Solution File, Format Version 12.00
# Visual Studio 15
VisualStudioVersion = 15.0.27428.2015
MinimumVisualStudioVersion = 10.0.40219.1
Project("{FAE04EC0-301F-11D3-BF4B-00C04F79EFBC}") = "ex3", "ex3\ex3.csproj", "{A0E35566-A0B8-4750-AEBE-011B4D29AE80}"
EndProject
Global
	GlobalSection(SolutionConfigurationPlatforms) = preSolution
		Debug|Any CPU = Debug|Any CPU
		Release|Any CPU = Release|Any CPU
	EndGlobalSection
	GlobalSection(ProjectConfigurationPlatforms) = postSolution
		{A0E35566-A0B8-4750-AEBE-011B4D29AE80}.Debug|Any CPU.ActiveCfg = Debug|Any CPU
		{A0E35566-A0B8-4750-AEBE-011B4D29AE80}.Debug|Any CPU.Build.0 = Debug|Any CPU
		{A0E35566-A0B8-4750-AEBE-011B4D29AE80}.Release|Any CPU.ActiveCfg = Release|Any CPU
		{A0E35566-A0B8-4750-AEBE-011B4D29AE80}.Release|Any CPU.Build.0 = Release|Any CPU
	EndGlobalSection
	GlobalSection(SolutionProperties) = preSolution
		HideSolutionNode = FALSE
	EndGlobalSection
	GlobalSection(ExtensibilityGlobals) = postSolution
		SolutionGuid = {441662E2-25C0-427C-A4C3-4B59A6793F97}
	EndGlobalSection
EndGlobal
